
Microsoft Visual Studio Solution File, Format Version 12.00
Project("{FAE04EC0-301F-11D3-BF4B-00C04F79EFBC}") = "Deadliner", "Deadliner\Deadliner.csproj", "{DD4D4545-37A1-4BC5-BD27-3C9AD260F45B}"
EndProject
Project("{FAE04EC0-301F-11D3-BF4B-00C04F79EFBC}") = "DeadlinerTests", "DeadlinerTests\DeadlinerTests.csproj", "{F8606AFF-1A06-4E85-9029-19851B8214AA}"
EndProject
Global
	GlobalSection(SolutionConfigurationPlatforms) = preSolution
		Debug|Any CPU = Debug|Any CPU
		Release|Any CPU = Release|Any CPU
	EndGlobalSection
	GlobalSection(ProjectConfigurationPlatforms) = postSolution
		{DD4D4545-37A1-4BC5-BD27-3C9AD260F45B}.Debug|Any CPU.ActiveCfg = Debug|Any CPU
		{DD4D4545-37A1-4BC5-BD27-3C9AD260F45B}.Debug|Any CPU.Build.0 = Debug|Any CPU
		{DD4D4545-37A1-4BC5-BD27-3C9AD260F45B}.Release|Any CPU.ActiveCfg = Release|Any CPU
		{DD4D4545-37A1-4BC5-BD27-3C9AD260F45B}.Release|Any CPU.Build.0 = Release|Any CPU
		{F8606AFF-1A06-4E85-9029-19851B8214AA}.Debug|Any CPU.ActiveCfg = Debug|Any CPU
		{F8606AFF-1A06-4E85-9029-19851B8214AA}.Debug|Any CPU.Build.0 = Debug|Any CPU
		{F8606AFF-1A06-4E85-9029-19851B8214AA}.Release|Any CPU.ActiveCfg = Release|Any CPU
		{F8606AFF-1A06-4E85-9029-19851B8214AA}.Release|Any CPU.Build.0 = Release|Any CPU
	EndGlobalSection
EndGlobal
